
Microsoft Visual Studio Solution File, Format Version 12.00
# Visual Studio 14
VisualStudioVersion = 14.0.24720.0
MinimumVisualStudioVersion = 10.0.40219.1
Project("{FAE04EC0-301F-11D3-BF4B-00C04F79EFBC}") = "t4-via-fonet-to-pdf", "t4-via-fonet-to-pdf\t4-via-fonet-to-pdf.csproj", "{3D9908B5-D584-40E6-8838-EE1A2FCCD90D}"
EndProject
Project("{2150E333-8FDC-42A3-9474-1A3956D46DE8}") = "Solution Items", "Solution Items", "{6C62FFBA-CD1D-40A7-83C8-81B81C82356B}"
	ProjectSection(SolutionItems) = preProject
		libs\Fonet.dll = libs\Fonet.dll
		libs\readme.txt = libs\readme.txt
	EndProjectSection
EndProject
Global
	GlobalSection(SolutionConfigurationPlatforms) = preSolution
		Debug|Any CPU = Debug|Any CPU
		Release|Any CPU = Release|Any CPU
	EndGlobalSection
	GlobalSection(ProjectConfigurationPlatforms) = postSolution
		{3D9908B5-D584-40E6-8838-EE1A2FCCD90D}.Debug|Any CPU.ActiveCfg = Debug|Any CPU
		{3D9908B5-D584-40E6-8838-EE1A2FCCD90D}.Debug|Any CPU.Build.0 = Debug|Any CPU
		{3D9908B5-D584-40E6-8838-EE1A2FCCD90D}.Release|Any CPU.ActiveCfg = Release|Any CPU
		{3D9908B5-D584-40E6-8838-EE1A2FCCD90D}.Release|Any CPU.Build.0 = Release|Any CPU
	EndGlobalSection
	GlobalSection(SolutionProperties) = preSolution
		HideSolutionNode = FALSE
	EndGlobalSection
EndGlobal
